Microsoft Visual Studio Solution File, Format Version 12.00
# Visual Studio Version 17
VisualStudioVersion = 17.5.2.0
MinimumVisualStudioVersion = 10.0.40219.1
Project("{FAE04EC0-301F-11D3-BF4B-00C04F79EFBC}") = "ContinuousListener", "ContinuousListener.csproj", "{0E75091E-98B4-DCF7-94EE-346D479F23F3}"
EndProject
Global
	GlobalSection(SolutionConfigurationPlatforms) = preSolution
		Debug|Any CPU = Debug|Any CPU
		Release|Any CPU = Release|Any CPU
	EndGlobalSection
	GlobalSection(ProjectConfigurationPlatforms) = postSolution
		{0E75091E-98B4-DCF7-94EE-346D479F23F3}.Debug|Any CPU.ActiveCfg = Debug|Any CPU
		{0E75091E-98B4-DCF7-94EE-346D479F23F3}.Debug|Any CPU.Build.0 = Debug|Any CPU
		{0E75091E-98B4-DCF7-94EE-346D479F23F3}.Release|Any CPU.ActiveCfg = Release|Any CPU
		{0E75091E-98B4-DCF7-94EE-346D479F23F3}.Release|Any CPU.Build.0 = Release|Any CPU
	EndGlobalSection
	GlobalSection(SolutionProperties) = preSolution
		HideSolutionNode = FALSE
	EndGlobalSection
	GlobalSection(ExtensibilityGlobals) = postSolution
		SolutionGuid = {7CA9433C-F88E-494E-98E8-1278B533A021}
	EndGlobalSection
EndGlobal
